
Microsoft Visual Studio Solution File, Format Version 12.00
# Visual Studio Version 16
VisualStudioVersion = 16.0.31410.357
MinimumVisualStudioVersion = 10.0.40219.1
Project("{FAE04EC0-301F-11D3-BF4B-00C04F79EFBC}") = "EventsAndDelegates", "EventsAndDelegates.csproj", "{03FC594B-F5DC-4652-A8B0-944D52F1994C}"
EndProject
Global
	GlobalSection(SolutionConfigurationPlatforms) = preSolution
		Debug|Any CPU = Debug|Any CPU
		Release|Any CPU = Release|Any CPU
	EndGlobalSection
	GlobalSection(ProjectConfigurationPlatforms) = postSolution
		{03FC594B-F5DC-4652-A8B0-944D52F1994C}.Debug|Any CPU.ActiveCfg = Debug|Any CPU
		{03FC594B-F5DC-4652-A8B0-944D52F1994C}.Debug|Any CPU.Build.0 = Debug|Any CPU
		{03FC594B-F5DC-4652-A8B0-944D52F1994C}.Release|Any CPU.ActiveCfg = Release|Any CPU
		{03FC594B-F5DC-4652-A8B0-944D52F1994C}.Release|Any CPU.Build.0 = Release|Any CPU
	EndGlobalSection
	GlobalSection(SolutionProperties) = preSolution
		HideSolutionNode = FALSE
	EndGlobalSection
	GlobalSection(ExtensibilityGlobals) = postSolution
		SolutionGuid = {4F755B7F-61DF-4180-A6D0-9D285FF886AE}
	EndGlobalSection
EndGlobal
