
Microsoft Visual Studio Solution File, Format Version 12.00
# Visual Studio Version 16
VisualStudioVersion = 16.0.31410.357
MinimumVisualStudioVersion = 10.0.40219.1
Project("{FAE04EC0-301F-11D3-BF4B-00C04F79EFBC}") = "Extensibility", "Extensibility.csproj", "{F43439F0-5CA5-4D84-A19F-3E4C0614A20B}"
EndProject
Global
	GlobalSection(SolutionConfigurationPlatforms) = preSolution
		Debug|Any CPU = Debug|Any CPU
		Release|Any CPU = Release|Any CPU
	EndGlobalSection
	GlobalSection(ProjectConfigurationPlatforms) = postSolution
		{F43439F0-5CA5-4D84-A19F-3E4C0614A20B}.Debug|Any CPU.ActiveCfg = Debug|Any CPU
		{F43439F0-5CA5-4D84-A19F-3E4C0614A20B}.Debug|Any CPU.Build.0 = Debug|Any CPU
		{F43439F0-5CA5-4D84-A19F-3E4C0614A20B}.Release|Any CPU.ActiveCfg = Release|Any CPU
		{F43439F0-5CA5-4D84-A19F-3E4C0614A20B}.Release|Any CPU.Build.0 = Release|Any CPU
	EndGlobalSection
	GlobalSection(SolutionProperties) = preSolution
		HideSolutionNode = FALSE
	EndGlobalSection
	GlobalSection(ExtensibilityGlobals) = postSolution
		SolutionGuid = {F94603D0-F66D-4879-80D9-3126B7DBA7E6}
	EndGlobalSection
EndGlobal
